
Microsoft Visual Studio Solution File, Format Version 12.00
# Visual Studio 15
VisualStudioVersion = 15.0.28307.572
MinimumVisualStudioVersion = 10.0.40219.1
Project("{FAE04EC0-301F-11D3-BF4B-00C04F79EFBC}") = "DesignPattern", "设计模式\DesignPattern.csproj", "{11367A2B-77C2-47FA-8D9A-875E124013BD}"
EndProject
Global
	GlobalSection(SolutionConfigurationPlatforms) = preSolution
		Debug|Any CPU = Debug|Any CPU
		Release|Any CPU = Release|Any CPU
	EndGlobalSection
	GlobalSection(ProjectConfigurationPlatforms) = postSolution
		{11367A2B-77C2-47FA-8D9A-875E124013BD}.Debug|Any CPU.ActiveCfg = Debug|Any CPU
		{11367A2B-77C2-47FA-8D9A-875E124013BD}.Debug|Any CPU.Build.0 = Debug|Any CPU
		{11367A2B-77C2-47FA-8D9A-875E124013BD}.Release|Any CPU.ActiveCfg = Release|Any CPU
		{11367A2B-77C2-47FA-8D9A-875E124013BD}.Release|Any CPU.Build.0 = Release|Any CPU
	EndGlobalSection
	GlobalSection(SolutionProperties) = preSolution
		HideSolutionNode = FALSE
	EndGlobalSection
	GlobalSection(ExtensibilityGlobals) = postSolution
		SolutionGuid = {B3496610-BF0C-4435-81DA-DD0C459BD200}
	EndGlobalSection
EndGlobal
